
Microsoft Visual Studio Solution File, Format Version 12.00
# Visual Studio 15
VisualStudioVersion = 15.0.27130.2027
MinimumVisualStudioVersion = 10.0.40219.1
Project("{8BC9CEB8-8B4A-11D0-8D11-00A0C91BC942}") = "day01", "day01\day01.vcxproj", "{DEB0776F-2D84-4D8D-9722-9118F072776C}"
EndProject
Project("{8BC9CEB8-8B4A-11D0-8D11-00A0C91BC942}") = "day02", "day02\day02.vcxproj", "{3F248194-F085-433B-A844-6EF0D91F13D2}"
EndProject
Project("{8BC9CEB8-8B4A-11D0-8D11-00A0C91BC942}") = "day03", "day03\day03.vcxproj", "{1FF53164-7C73-4FEB-9598-3ADE72BB250B}"
EndProject
Project("{8BC9CEB8-8B4A-11D0-8D11-00A0C91BC942}") = "day04", "day04\day04.vcxproj", "{E96BEFE7-8586-4980-8209-1DF36CBE3410}"
EndProject
Project("{8BC9CEB8-8B4A-11D0-8D11-00A0C91BC942}") = "day05", "day05\day05.vcxproj", "{5426ABFB-6F62-4A65-A2C1-7C15B4C59BF8}"
EndProject
Project("{8BC9CEB8-8B4A-11D0-8D11-00A0C91BC942}") = "day06", "day06\day06.vcxproj", "{21163A9E-BE11-4BC9-B72C-88E8F94A17F0}"
EndProject
Project("{8BC9CEB8-8B4A-11D0-8D11-00A0C91BC942}") = "day07", "day07\day07.vcxproj", "{795806AB-66B3-4BCE-B1F1-8A4C086260E5}"
EndProject
Project("{8BC9CEB8-8B4A-11D0-8D11-00A0C91BC942}") = "day08", "day08\day08.vcxproj", "{9784FB12-9FC7-4295-9DB8-1C15237E034E}"
EndProject
Project("{8BC9CEB8-8B4A-11D0-8D11-00A0C91BC942}") = "day09", "day09\day09.vcxproj", "{14E4C411-BF88-438D-A7D3-969C65067DCA}"
EndProject
Project("{8BC9CEB8-8B4A-11D0-8D11-00A0C91BC942}") = "day10", "day10\day10.vcxproj", "{A700D5B6-B674-4AE5-B51B-843EC2812B33}"
EndProject
Project("{8BC9CEB8-8B4A-11D0-8D11-00A0C91BC942}") = "day11", "day11\day11.vcxproj", "{0DA1FC61-2826-4F5E-8B9A-5DF6580C0302}"
EndProject
Project("{8BC9CEB8-8B4A-11D0-8D11-00A0C91BC942}") = "day12", "day12\day12.vcxproj", "{543F1E79-BE6C-4ECA-85AD-2DA09109209C}"
EndProject
Project("{8BC9CEB8-8B4A-11D0-8D11-00A0C91BC942}") = "day13", "day13\day13.vcxproj", "{80263795-D58D-4E0C-8501-285971F8EC3F}"
EndProject
Project("{8BC9CEB8-8B4A-11D0-8D11-00A0C91BC942}") = "day14", "day14\day14.vcxproj", "{01889801-7C44-42C7-8D09-5273ADAEFB41}"
EndProject
Project("{8BC9CEB8-8B4A-11D0-8D11-00A0C91BC942}") = "day15", "day15\day15.vcxproj", "{1C7532B0-CCD3-41ED-97BF-06B38BABA411}"
EndProject
Project("{8BC9CEB8-8B4A-11D0-8D11-00A0C91BC942}") = "day16", "day16\day16.vcxproj", "{F33CFC66-F50D-427A-9204-A0608F6B7B0F}"
EndProject
Project("{8BC9CEB8-8B4A-11D0-8D11-00A0C91BC942}") = "day17", "day17\day17.vcxproj", "{B86E07AF-1285-4A0E-A637-9CC4B3C719E3}"
EndProject
Project("{8BC9CEB8-8B4A-11D0-8D11-00A0C91BC942}") = "day18", "day18\day18.vcxproj", "{B0097A98-392C-4CD7-AA92-D03FB216A8B0}"
EndProject
Project("{8BC9CEB8-8B4A-11D0-8D11-00A0C91BC942}") = "day19", "day19\day19.vcxproj", "{59B1BFA3-A57C-47CB-8533-F62BC2AAE25C}"
EndProject
Project("{8BC9CEB8-8B4A-11D0-8D11-00A0C91BC942}") = "day20", "day20\day20.vcxproj", "{041024C6-7B53-47A8-A49D-CFA2384CA527}"
EndProject
Project("{8BC9CEB8-8B4A-11D0-8D11-00A0C91BC942}") = "day21", "day21\day21.vcxproj", "{2D31CCEF-38F2-4487-B50C-2AD2479F388A}"
EndProject
Project("{8BC9CEB8-8B4A-11D0-8D11-00A0C91BC942}") = "day22", "day22\day22.vcxproj", "{E52996F6-C8CA-4376-89AF-900A3E149CC3}"
EndProject
Project("{8BC9CEB8-8B4A-11D0-8D11-00A0C91BC942}") = "day23", "day23\day23.vcxproj", "{FA7125FA-003F-451B-9344-56E48079A689}"
EndProject
Project("{8BC9CEB8-8B4A-11D0-8D11-00A0C91BC942}") = "day24", "day24\day24.vcxproj", "{D7564511-FB76-425F-A925-2E8BD86D0873}"
EndProject
Project("{8BC9CEB8-8B4A-11D0-8D11-00A0C91BC942}") = "day25", "day25\day25.vcxproj", "{F12D2D1D-2929-46D5-B592-9FBCFC8D3917}"
EndProject
Global
	GlobalSection(SolutionConfigurationPlatforms) = preSolution
		Debug|x64 = Debug|x64
		Debug|x86 = Debug|x86
		Release|x64 = Release|x64
		Release|x86 = Release|x86
	EndGlobalSection
	GlobalSection(ProjectConfigurationPlatforms) = postSolution
		{DEB0776F-2D84-4D8D-9722-9118F072776C}.Debug|x64.ActiveCfg = Debug|x64
		{DEB0776F-2D84-4D8D-9722-9118F072776C}.Debug|x64.Build.0 = Debug|x64
		{DEB0776F-2D84-4D8D-9722-9118F072776C}.Debug|x86.ActiveCfg = Debug|Win32
		{DEB0776F-2D84-4D8D-9722-9118F072776C}.Debug|x86.Build.0 = Debug|Win32
		{DEB0776F-2D84-4D8D-9722-9118F072776C}.Release|x64.ActiveCfg = Release|x64
		{DEB0776F-2D84-4D8D-9722-9118F072776C}.Release|x64.Build.0 = Release|x64
		{DEB0776F-2D84-4D8D-9722-9118F072776C}.Release|x86.ActiveCfg = Release|Win32
		{DEB0776F-2D84-4D8D-9722-9118F072776C}.Release|x86.Build.0 = Release|Win32
		{3F248194-F085-433B-A844-6EF0D91F13D2}.Debug|x64.ActiveCfg = Debug|x64
		{3F248194-F085-433B-A844-6EF0D91F13D2}.Debug|x64.Build.0 = Debug|x64
		{3F248194-F085-433B-A844-6EF0D91F13D2}.Debug|x86.ActiveCfg = Debug|Win32
		{3F248194-F085-433B-A844-6EF0D91F13D2}.Debug|x86.Build.0 = Debug|Win32
		{3F248194-F085-433B-A844-6EF0D91F13D2}.Release|x64.ActiveCfg = Release|x64
		{3F248194-F085-433B-A844-6EF0D91F13D2}.Release|x64.Build.0 = Release|x64
		{3F248194-F085-433B-A844-6EF0D91F13D2}.Release|x86.ActiveCfg = Release|Win32
		{3F248194-F085-433B-A844-6EF0D91F13D2}.Release|x86.Build.0 = Release|Win32
		{1FF53164-7C73-4FEB-9598-3ADE72BB250B}.Debug|x64.ActiveCfg = Debug|x64
		{1FF53164-7C73-4FEB-9598-3ADE72BB250B}.Debug|x64.Build.0 = Debug|x64
		{1FF53164-7C73-4FEB-9598-3ADE72BB250B}.Debug|x86.ActiveCfg = Debug|Win32
		{1FF53164-7C73-4FEB-9598-3ADE72BB250B}.Debug|x86.Build.0 = Debug|Win32
		{1FF53164-7C73-4FEB-9598-3ADE72BB250B}.Release|x64.ActiveCfg = Release|x64
		{1FF53164-7C73-4FEB-9598-3ADE72BB250B}.Release|x64.Build.0 = Release|x64
		{1FF53164-7C73-4FEB-9598-3ADE72BB250B}.Release|x86.ActiveCfg = Release|Win32
		{1FF53164-7C73-4FEB-9598-3ADE72BB250B}.Release|x86.Build.0 = Release|Win32
		{E96BEFE7-8586-4980-8209-1DF36CBE3410}.Debug|x64.ActiveCfg = Debug|x64
		{E96BEFE7-8586-4980-8209-1DF36CBE3410}.Debug|x64.Build.0 = Debug|x64
		{E96BEFE7-8586-4980-8209-1DF36CBE3410}.Debug|x86.ActiveCfg = Debug|Win32
		{E96BEFE7-8586-4980-8209-1DF36CBE3410}.Debug|x86.Build.0 = Debug|Win32
		{E96BEFE7-8586-4980-8209-1DF36CBE3410}.Release|x64.ActiveCfg = Release|x64
		{E96BEFE7-8586-4980-8209-1DF36CBE3410}.Release|x64.Build.0 = Release|x64
		{E96BEFE7-8586-4980-8209-1DF36CBE3410}.Release|x86.ActiveCfg = Release|Win32
		{E96BEFE7-8586-4980-8209-1DF36CBE3410}.Release|x86.Build.0 = Release|Win32
		{5426ABFB-6F62-4A65-A2C1-7C15B4C59BF8}.Debug|x64.ActiveCfg = Debug|x64
		{5426ABFB-6F62-4A65-A2C1-7C15B4C59BF8}.Debug|x64.Build.0 = Debug|x64
		{5426ABFB-6F62-4A65-A2C1-7C15B4C59BF8}.Debug|x86.ActiveCfg = Debug|Win32
		{5426ABFB-6F62-4A65-A2C1-7C15B4C59BF8}.Debug|x86.Build.0 = Debug|Win32
		{5426ABFB-6F62-4A65-A2C1-7C15B4C59BF8}.Release|x64.ActiveCfg = Release|x64
		{5426ABFB-6F62-4A65-A2C1-7C15B4C59BF8}.Release|x64.Build.0 = Release|x64
		{5426ABFB-6F62-4A65-A2C1-7C15B4C59BF8}.Release|x86.ActiveCfg = Release|Win32
		{5426ABFB-6F62-4A65-A2C1-7C15B4C59BF8}.Release|x86.Build.0 = Release|Win32
		{21163A9E-BE11-4BC9-B72C-88E8F94A17F0}.Debug|x64.ActiveCfg = Debug|x64
		{21163A9E-BE11-4BC9-B72C-88E8F94A17F0}.Debug|x64.Build.0 = Debug|x64
		{21163A9E-BE11-4BC9-B72C-88E8F94A17F0}.Debug|x86.ActiveCfg = Debug|Win32
		{21163A9E-BE11-4BC9-B72C-88E8F94A17F0}.Debug|x86.Build.0 = Debug|Win32
		{21163A9E-BE11-4BC9-B72C-88E8F94A17F0}.Release|x64.ActiveCfg = Release|x64
		{21163A9E-BE11-4BC9-B72C-88E8F94A17F0}.Release|x64.Build.0 = Release|x64
		{21163A9E-BE11-4BC9-B72C-88E8F94A17F0}.Release|x86.ActiveCfg = Release|Win32
		{21163A9E-BE11-4BC9-B72C-88E8F94A17F0}.Release|x86.Build.0 = Release|Win32
		{795806AB-66B3-4BCE-B1F1-8A4C086260E5}.Debug|x64.ActiveCfg = Debug|x64
		{795806AB-66B3-4BCE-B1F1-8A4C086260E5}.Debug|x64.Build.0 = Debug|x64
		{795806AB-66B3-4BCE-B1F1-8A4C086260E5}.Debug|x86.ActiveCfg = Debug|Win32
		{795806AB-66B3-4BCE-B1F1-8A4C086260E5}.Debug|x86.Build.0 = Debug|Win32
		{795806AB-66B3-4BCE-B1F1-8A4C086260E5}.Release|x64.ActiveCfg = Release|x64
		{795806AB-66B3-4BCE-B1F1-8A4C086260E5}.Release|x64.Build.0 = Release|x64
		{795806AB-66B3-4BCE-B1F1-8A4C086260E5}.Release|x86.ActiveCfg = Release|Win32
		{795806AB-66B3-4BCE-B1F1-8A4C086260E5}.Release|x86.Build.0 = Release|Win32
		{9784FB12-9FC7-4295-9DB8-1C15237E034E}.Debug|x64.ActiveCfg = Debug|x64
		{9784FB12-9FC7-4295-9DB8-1C15237E034E}.Debug|x64.Build.0 = Debug|x64
		{9784FB12-9FC7-4295-9DB8-1C15237E034E}.Debug|x86.ActiveCfg = Debug|Win32
		{9784FB12-9FC7-4295-9DB8-1C15237E034E}.Debug|x86.Build.0 = Debug|Win32
		{9784FB12-9FC7-4295-9DB8-1C15237E034E}.Release|x64.ActiveCfg = Release|x64
		{9784FB12-9FC7-4295-9DB8-1C15237E034E}.Release|x64.Build.0 = Release|x64
		{9784FB12-9FC7-4295-9DB8-1C15237E034E}.Release|x86.ActiveCfg = Release|Win32
		{9784FB12-9FC7-4295-9DB8-1C15237E034E}.Release|x86.Build.0 = Release|Win32
		{14E4C411-BF88-438D-A7D3-969C65067DCA}.Debug|x64.ActiveCfg = Debug|x64
		{14E4C411-BF88-438D-A7D3-969C65067DCA}.Debug|x64.Build.0 = Debug|x64
		{14E4C411-BF88-438D-A7D3-969C65067DCA}.Debug|x86.ActiveCfg = Debug|Win32
		{14E4C411-BF88-438D-A7D3-969C65067DCA}.Debug|x86.Build.0 = Debug|Win32
		{14E4C411-BF88-438D-A7D3-969C65067DCA}.Release|x64.ActiveCfg = Release|x64
		{14E4C411-BF88-438D-A7D3-969C65067DCA}.Release|x64.Build.0 = Release|x64
		{14E4C411-BF88-438D-A7D3-969C65067DCA}.Release|x86.ActiveCfg = Release|Win32
		{14E4C411-BF88-438D-A7D3-969C65067DCA}.Release|x86.Build.0 = Release|Win32
		{A700D5B6-B674-4AE5-B51B-843EC2812B33}.Debug|x64.ActiveCfg = Debug|x64
		{A700D5B6-B674-4AE5-B51B-843EC2812B33}.Debug|x64.Build.0 = Debug|x64
		{A700D5B6-B674-4AE5-B51B-843EC2812B33}.Debug|x86.ActiveCfg = Debug|Win32
		{A700D5B6-B674-4AE5-B51B-843EC2812B33}.Debug|x86.Build.0 = Debug|Win32
		{A700D5B6-B674-4AE5-B51B-843EC2812B33}.Release|x64.ActiveCfg = Release|x64
		{A700D5B6-B674-4AE5-B51B-843EC2812B33}.Release|x64.Build.0 = Release|x64
		{A700D5B6-B674-4AE5-B51B-843EC2812B33}.Release|x86.ActiveCfg = Release|Win32
		{A700D5B6-B674-4AE5-B51B-843EC2812B33}.Release|x86.Build.0 = Release|Win32
		{0DA1FC61-2826-4F5E-8B9A-5DF6580C0302}.Debug|x64.ActiveCfg = Debug|x64
		{0DA1FC61-2826-4F5E-8B9A-5DF6580C0302}.Debug|x64.Build.0 = Debug|x64
		{0DA1FC61-2826-4F5E-8B9A-5DF6580C0302}.Debug|x86.ActiveCfg = Debug|Win32
		{0DA1FC61-2826-4F5E-8B9A-5DF6580C0302}.Debug|x86.Build.0 = Debug|Win32
		{0DA1FC61-2826-4F5E-8B9A-5DF6580C0302}.Release|x64.ActiveCfg = Release|x64
		{0DA1FC61-2826-4F5E-8B9A-5DF6580C0302}.Release|x64.Build.0 = Release|x64
		{0DA1FC61-2826-4F5E-8B9A-5DF6580C0302}.Release|x86.ActiveCfg = Release|Win32
		{0DA1FC61-2826-4F5E-8B9A-5DF6580C0302}.Release|x86.Build.0 = Release|Win32
		{543F1E79-BE6C-4ECA-85AD-2DA09109209C}.Debug|x64.ActiveCfg = Debug|x64
		{543F1E79-BE6C-4ECA-85AD-2DA09109209C}.Debug|x64.Build.0 = Debug|x64
		{543F1E79-BE6C-4ECA-85AD-2DA09109209C}.Debug|x86.ActiveCfg = Debug|Win32
		{543F1E79-BE6C-4ECA-85AD-2DA09109209C}.Debug|x86.Build.0 = Debug|Win32
		{543F1E79-BE6C-4ECA-85AD-2DA09109209C}.Release|x64.ActiveCfg = Release|x64
		{543F1E79-BE6C-4ECA-85AD-2DA09109209C}.Release|x64.Build.0 = Release|x64
		{543F1E79-BE6C-4ECA-85AD-2DA09109209C}.Release|x86.ActiveCfg = Release|Win32
		{543F1E79-BE6C-4ECA-85AD-2DA09109209C}.Release|x86.Build.0 = Release|Win32
		{80263795-D58D-4E0C-8501-285971F8EC3F}.Debug|x64.ActiveCfg = Debug|x64
		{80263795-D58D-4E0C-8501-285971F8EC3F}.Debug|x64.Build.0 = Debug|x64
		{80263795-D58D-4E0C-8501-285971F8EC3F}.Debug|x86.ActiveCfg = Debug|Win32
		{80263795-D58D-4E0C-8501-285971F8EC3F}.Debug|x86.Build.0 = Debug|Win32
		{80263795-D58D-4E0C-8501-285971F8EC3F}.Release|x64.ActiveCfg = Release|x64
		{80263795-D58D-4E0C-8501-285971F8EC3F}.Release|x64.Build.0 = Release|x64
		{80263795-D58D-4E0C-8501-285971F8EC3F}.Release|x86.ActiveCfg = Release|Win32
		{80263795-D58D-4E0C-8501-285971F8EC3F}.Release|x86.Build.0 = Release|Win32
		{01889801-7C44-42C7-8D09-5273ADAEFB41}.Debug|x64.ActiveCfg = Debug|x64
		{01889801-7C44-42C7-8D09-5273ADAEFB41}.Debug|x64.Build.0 = Debug|x64
		{01889801-7C44-42C7-8D09-5273ADAEFB41}.Debug|x86.ActiveCfg = Debug|Win32
		{01889801-7C44-42C7-8D09-5273ADAEFB41}.Debug|x86.Build.0 = Debug|Win32
		{01889801-7C44-42C7-8D09-5273ADAEFB41}.Release|x64.ActiveCfg = Release|x64
		{01889801-7C44-42C7-8D09-5273ADAEFB41}.Release|x64.Build.0 = Release|x64
		{01889801-7C44-42C7-8D09-5273ADAEFB41}.Release|x86.ActiveCfg = Release|Win32
		{01889801-7C44-42C7-8D09-5273ADAEFB41}.Release|x86.Build.0 = Release|Win32
		{1C7532B0-CCD3-41ED-97BF-06B38BABA411}.Debug|x64.ActiveCfg = Debug|x64
		{1C7532B0-CCD3-41ED-97BF-06B38BABA411}.Debug|x64.Build.0 = Debug|x64
		{1C7532B0-CCD3-41ED-97BF-06B38BABA411}.Debug|x86.ActiveCfg = Debug|Win32
		{1C7532B0-CCD3-41ED-97BF-06B38BABA411}.Debug|x86.Build.0 = Debug|Win32
		{1C7532B0-CCD3-41ED-97BF-06B38BABA411}.Release|x64.ActiveCfg = Release|x64
		{1C7532B0-CCD3-41ED-97BF-06B38BABA411}.Release|x64.Build.0 = Release|x64
		{1C7532B0-CCD3-41ED-97BF-06B38BABA411}.Release|x86.ActiveCfg = Release|Win32
		{1C7532B0-CCD3-41ED-97BF-06B38BABA411}.Release|x86.Build.0 = Release|Win32
		{F33CFC66-F50D-427A-9204-A0608F6B7B0F}.Debug|x64.ActiveCfg = Debug|x64
		{F33CFC66-F50D-427A-9204-A0608F6B7B0F}.Debug|x64.Build.0 = Debug|x64
		{F33CFC66-F50D-427A-9204-A0608F6B7B0F}.Debug|x86.ActiveCfg = Debug|Win32
		{F33CFC66-F50D-427A-9204-A0608F6B7B0F}.Debug|x86.Build.0 = Debug|Win32
		{F33CFC66-F50D-427A-9204-A0608F6B7B0F}.Release|x64.ActiveCfg = Release|x64
		{F33CFC66-F50D-427A-9204-A0608F6B7B0F}.Release|x64.Build.0 = Release|x64
		{F33CFC66-F50D-427A-9204-A0608F6B7B0F}.Release|x86.ActiveCfg = Release|Win32
		{F33CFC66-F50D-427A-9204-A0608F6B7B0F}.Release|x86.Build.0 = Release|Win32
		{B86E07AF-1285-4A0E-A637-9CC4B3C719E3}.Debug|x64.ActiveCfg = Debug|x64
		{B86E07AF-1285-4A0E-A637-9CC4B3C719E3}.Debug|x64.Build.0 = Debug|x64
		{B86E07AF-1285-4A0E-A637-9CC4B3C719E3}.Debug|x86.ActiveCfg = Debug|Win32
		{B86E07AF-1285-4A0E-A637-9CC4B3C719E3}.Debug|x86.Build.0 = Debug|Win32
		{B86E07AF-1285-4A0E-A637-9CC4B3C719E3}.Release|x64.ActiveCfg = Release|x64
		{B86E07AF-1285-4A0E-A637-9CC4B3C719E3}.Release|x64.Build.0 = Release|x64
		{B86E07AF-1285-4A0E-A637-9CC4B3C719E3}.Release|x86.ActiveCfg = Release|Win32
		{B86E07AF-1285-4A0E-A637-9CC4B3C719E3}.Release|x86.Build.0 = Release|Win32
		{B0097A98-392C-4CD7-AA92-D03FB216A8B0}.Debug|x64.ActiveCfg = Debug|x64
		{B0097A98-392C-4CD7-AA92-D03FB216A8B0}.Debug|x64.Build.0 = Debug|x64
		{B0097A98-392C-4CD7-AA92-D03FB216A8B0}.Debug|x86.ActiveCfg = Debug|Win32
		{B0097A98-392C-4CD7-AA92-D03FB216A8B0}.Debug|x86.Build.0 = Debug|Win32
		{B0097A98-392C-4CD7-AA92-D03FB216A8B0}.Release|x64.ActiveCfg = Release|x64
		{B0097A98-392C-4CD7-AA92-D03FB216A8B0}.Release|x64.Build.0 = Release|x64
		{B0097A98-392C-4CD7-AA92-D03FB216A8B0}.Release|x86.ActiveCfg = Release|Win32
		{B0097A98-392C-4CD7-AA92-D03FB216A8B0}.Release|x86.Build.0 = Release|Win32
		{59B1BFA3-A57C-47CB-8533-F62BC2AAE25C}.Debug|x64.ActiveCfg = Debug|x64
		{59B1BFA3-A57C-47CB-8533-F62BC2AAE25C}.Debug|x64.Build.0 = Debug|x64
		{59B1BFA3-A57C-47CB-8533-F62BC2AAE25C}.Debug|x86.ActiveCfg = Debug|Win32
		{59B1BFA3-A57C-47CB-8533-F62BC2AAE25C}.Debug|x86.Build.0 = Debug|Win32
		{59B1BFA3-A57C-47CB-8533-F62BC2AAE25C}.Release|x64.ActiveCfg = Release|x64
		{59B1BFA3-A57C-47CB-8533-F62BC2AAE25C}.Release|x64.Build.0 = Release|x64
		{59B1BFA3-A57C-47CB-8533-F62BC2AAE25C}.Release|x86.ActiveCfg = Release|Win32
		{59B1BFA3-A57C-47CB-8533-F62BC2AAE25C}.Release|x86.Build.0 = Release|Win32
		{041024C6-7B53-47A8-A49D-CFA2384CA527}.Debug|x64.ActiveCfg = Debug|x64
		{041024C6-7B53-47A8-A49D-CFA2384CA527}.Debug|x64.Build.0 = Debug|x64
		{041024C6-7B53-47A8-A49D-CFA2384CA527}.Debug|x86.ActiveCfg = Debug|Win32
		{041024C6-7B53-47A8-A49D-CFA2384CA527}.Debug|x86.Build.0 = Debug|Win32
		{041024C6-7B53-47A8-A49D-CFA2384CA527}.Release|x64.ActiveCfg = Release|x64
		{041024C6-7B53-47A8-A49D-CFA2384CA527}.Release|x64.Build.0 = Release|x64
		{041024C6-7B53-47A8-A49D-CFA2384CA527}.Release|x86.ActiveCfg = Release|Win32
		{041024C6-7B53-47A8-A49D-CFA2384CA527}.Release|x86.Build.0 = Release|Win32
		{2D31CCEF-38F2-4487-B50C-2AD2479F388A}.Debug|x64.ActiveCfg = Debug|x64
		{2D31CCEF-38F2-4487-B50C-2AD2479F388A}.Debug|x64.Build.0 = Debug|x64
		{2D31CCEF-38F2-4487-B50C-2AD2479F388A}.Debug|x86.ActiveCfg = Debug|Win32
		{2D31CCEF-38F2-4487-B50C-2AD2479F388A}.Debug|x86.Build.0 = Debug|Win32
		{2D31CCEF-38F2-4487-B50C-2AD2479F388A}.Release|x64.ActiveCfg = Release|x64
		{2D31CCEF-38F2-4487-B50C-2AD2479F388A}.Release|x64.Build.0 = Release|x64
		{2D31CCEF-38F2-4487-B50C-2AD2479F388A}.Release|x86.ActiveCfg = Release|Win32
		{2D31CCEF-38F2-4487-B50C-2AD2479F388A}.Release|x86.Build.0 = Release|Win32
		{E52996F6-C8CA-4376-89AF-900A3E149CC3}.Debug|x64.ActiveCfg = Debug|x64
		{E52996F6-C8CA-4376-89AF-900A3E149CC3}.Debug|x64.Build.0 = Debug|x64
		{E52996F6-C8CA-4376-89AF-900A3E149CC3}.Debug|x86.ActiveCfg = Debug|Win32
		{E52996F6-C8CA-4376-89AF-900A3E149CC3}.Debug|x86.Build.0 = Debug|Win32
		{E52996F6-C8CA-4376-89AF-900A3E149CC3}.Release|x64.ActiveCfg = Release|x64
		{E52996F6-C8CA-4376-89AF-900A3E149CC3}.Release|x64.Build.0 = Release|x64
		{E52996F6-C8CA-4376-89AF-900A3E149CC3}.Release|x86.ActiveCfg = Release|Win32
		{E52996F6-C8CA-4376-89AF-900A3E149CC3}.Release|x86.Build.0 = Release|Win32
		{FA7125FA-003F-451B-9344-56E48079A689}.Debug|x64.ActiveCfg = Debug|x64
		{FA7125FA-003F-451B-9344-56E48079A689}.Debug|x64.Build.0 = Debug|x64
		{FA7125FA-003F-451B-9344-56E48079A689}.Debug|x86.ActiveCfg = Debug|Win32
		{FA7125FA-003F-451B-9344-56E48079A689}.Debug|x86.Build.0 = Debug|Win32
		{FA7125FA-003F-451B-9344-56E48079A689}.Release|x64.ActiveCfg = Release|x64
		{FA7125FA-003F-451B-9344-56E48079A689}.Release|x64.Build.0 = Release|x64
		{FA7125FA-003F-451B-9344-56E48079A689}.Release|x86.ActiveCfg = Release|Win32
		{FA7125FA-003F-451B-9344-56E48079A689}.Release|x86.Build.0 = Release|Win32
		{D7564511-FB76-425F-A925-2E8BD86D0873}.Debug|x64.ActiveCfg = Debug|x64
		{D7564511-FB76-425F-A925-2E8BD86D0873}.Debug|x64.Build.0 = Debug|x64
		{D7564511-FB76-425F-A925-2E8BD86D0873}.Debug|x86.ActiveCfg = Debug|Win32
		{D7564511-FB76-425F-A925-2E8BD86D0873}.Debug|x86.Build.0 = Debug|Win32
		{D7564511-FB76-425F-A925-2E8BD86D0873}.Release|x64.ActiveCfg = Release|x64
		{D7564511-FB76-425F-A925-2E8BD86D0873}.Release|x64.Build.0 = Release|x64
		{D7564511-FB76-425F-A925-2E8BD86D0873}.Release|x86.ActiveCfg = Release|Win32
		{D7564511-FB76-425F-A925-2E8BD86D0873}.Release|x86.Build.0 = Release|Win32
		{F12D2D1D-2929-46D5-B592-9FBCFC8D3917}.Debug|x64.ActiveCfg = Debug|x64
		{F12D2D1D-2929-46D5-B592-9FBCFC8D3917}.Debug|x64.Build.0 = Debug|x64
		{F12D2D1D-2929-46D5-B592-9FBCFC8D3917}.Debug|x86.ActiveCfg = Debug|Win32
		{F12D2D1D-2929-46D5-B592-9FBCFC8D3917}.Debug|x86.Build.0 = Debug|Win32
		{F12D2D1D-2929-46D5-B592-9FBCFC8D3917}.Release|x64.ActiveCfg = Release|x64
		{F12D2D1D-2929-46D5-B592-9FBCFC8D3917}.Release|x64.Build.0 = Release|x64
		{F12D2D1D-2929-46D5-B592-9FBCFC8D3917}.Release|x86.ActiveCfg = Release|Win32
		{F12D2D1D-2929-46D5-B592-9FBCFC8D3917}.Release|x86.Build.0 = Release|Win32
	EndGlobalSection
	GlobalSection(SolutionProperties) = preSolution
		HideSolutionNode = FALSE
	EndGlobalSection
	GlobalSection(ExtensibilityGlobals) = postSolution
		SolutionGuid = {DBF70001-934B-4413-BD9C-1FD69D02A885}
	EndGlobalSection
EndGlobal
