
Microsoft Visual Studio Solution File, Format Version 12.00
# Visual Studio 15
VisualStudioVersion = 15.0.27130.2027
MinimumVisualStudioVersion = 10.0.40219.1
Project("{8BC9CEB8-8B4A-11D0-8D11-00A0C91BC942}") = "day01", "day01\day01.vcxproj", "{DEB0776F-2D84-4D8D-9722-9118F072776C}"
EndProject
Project("{8BC9CEB8-8B4A-11D0-8D11-00A0C91BC942}") = "day02", "day02\day02.vcxproj", "{3F248194-F085-433B-A844-6EF0D91F13D2}"
EndProject
Project("{8BC9CEB8-8B4A-11D0-8D11-00A0C91BC942}") = "day03", "day03\day03.vcxproj", "{1FF53164-7C73-4FEB-9598-3ADE72BB250B}"
EndProject
Project("{8BC9CEB8-8B4A-11D0-8D11-00A0C91BC942}") = "day04", "day04\day04.vcxproj", "{E96BEFE7-8586-4980-8209-1DF36CBE3410}"
EndProject
Project("{8BC9CEB8-8B4A-11D0-8D11-00A0C91BC942}") = "day05", "day05\day05.vcxproj", "{5426ABFB-6F62-4A65-A2C1-7C15B4C59BF8}"
EndProject
Project("{8BC9CEB8-8B4A-11D0-8D11-00A0C91BC942}") = "day09", "day09\day09.vcxproj", "{677E598A-EB37-40C2-BF35-2B04288D5A61}"
EndProject
Project("{8BC9CEB8-8B4A-11D0-8D11-00A0C91BC942}") = "day06", "day06\day06.vcxproj", "{AFB2E599-E242-43A8-90E0-FD2AE58B8C07}"
EndProject
Project("{8BC9CEB8-8B4A-11D0-8D11-00A0C91BC942}") = "day07", "day07\day07.vcxproj", "{F2940646-A355-4B86-90F9-9B9FC7800B96}"
EndProject
Project("{8BC9CEB8-8B4A-11D0-8D11-00A0C91BC942}") = "day08", "day08\day08.vcxproj", "{A9A685D3-7850-477E-BAC7-55D5B272330E}"
EndProject
Project("{8BC9CEB8-8B4A-11D0-8D11-00A0C91BC942}") = "day10", "day10\day10.vcxproj", "{1A75C946-41DD-4B11-988C-FB15A12E1802}"
EndProject
Project("{8BC9CEB8-8B4A-11D0-8D11-00A0C91BC942}") = "day11", "day11\day11.vcxproj", "{571CF949-16AB-4527-9984-C2A882642AEB}"
EndProject
Project("{8BC9CEB8-8B4A-11D0-8D11-00A0C91BC942}") = "day12", "day12\day12.vcxproj", "{63B28E96-A3ED-4747-95DE-B5D69196ACB4}"
EndProject
Project("{8BC9CEB8-8B4A-11D0-8D11-00A0C91BC942}") = "day13", "day13\day13.vcxproj", "{F2912F82-B3AA-47B4-A839-B97AD46D3A7A}"
EndProject
Project("{8BC9CEB8-8B4A-11D0-8D11-00A0C91BC942}") = "day14", "day14\day14.vcxproj", "{93B1C4A8-835A-46EC-8F2A-3EDCE182A520}"
EndProject
Project("{8BC9CEB8-8B4A-11D0-8D11-00A0C91BC942}") = "day15", "day15\day15.vcxproj", "{31FE83E7-79E8-48E4-9E4B-26EF0DB52BA1}"
EndProject
Project("{8BC9CEB8-8B4A-11D0-8D11-00A0C91BC942}") = "day16", "day16\day16.vcxproj", "{1C06A5A6-127E-4091-9A52-CCF4EE705048}"
EndProject
Project("{8BC9CEB8-8B4A-11D0-8D11-00A0C91BC942}") = "day17", "day17\day17.vcxproj", "{03A8B38D-AE53-4F0D-85C3-7BD6BA54E88D}"
EndProject
Project("{8BC9CEB8-8B4A-11D0-8D11-00A0C91BC942}") = "day18", "day18\day18.vcxproj", "{B0097A98-392C-4CD7-AA92-D03FB216A8B0}"
EndProject
Project("{8BC9CEB8-8B4A-11D0-8D11-00A0C91BC942}") = "day19", "day19\day19.vcxproj", "{59B1BFA3-A57C-47CB-8533-F62BC2AAE25C}"
EndProject
Project("{8BC9CEB8-8B4A-11D0-8D11-00A0C91BC942}") = "day20", "day20\day20.vcxproj", "{041024C6-7B53-47A8-A49D-CFA2384CA527}"
EndProject
Project("{8BC9CEB8-8B4A-11D0-8D11-00A0C91BC942}") = "day21", "day21\day21.vcxproj", "{2D31CCEF-38F2-4487-B50C-2AD2479F388A}"
EndProject
Project("{8BC9CEB8-8B4A-11D0-8D11-00A0C91BC942}") = "day22", "day22\day22.vcxproj", "{E52996F6-C8CA-4376-89AF-900A3E149CC3}"
EndProject
Project("{8BC9CEB8-8B4A-11D0-8D11-00A0C91BC942}") = "day23", "day23\day23.vcxproj", "{FA7125FA-003F-451B-9344-56E48079A689}"
EndProject
Project("{8BC9CEB8-8B4A-11D0-8D11-00A0C91BC942}") = "day24", "day24\day24.vcxproj", "{D7564511-FB76-425F-A925-2E8BD86D0873}"
EndProject
Project("{8BC9CEB8-8B4A-11D0-8D11-00A0C91BC942}") = "day25", "day25\day25.vcxproj", "{F12D2D1D-2929-46D5-B592-9FBCFC8D3917}"
EndProject
Project("{2150E333-8FDC-42A3-9474-1A3956D46DE8}") = "Solution Items", "Solution Items", "{B86EA288-723A-498D-AB51-D93E3054ABDC}"
	ProjectSection(SolutionItems) = preProject
		astar.h = astar.h
		crc.h = crc.h
		libheaders.h = libheaders.h
		md5.h = md5.h
	EndProjectSection
EndProject
Global
	GlobalSection(SolutionConfigurationPlatforms) = preSolution
		Debug|x64 = Debug|x64
		Debug|x86 = Debug|x86
		Release|x64 = Release|x64
		Release|x86 = Release|x86
	EndGlobalSection
	GlobalSection(ProjectConfigurationPlatforms) = postSolution
		{DEB0776F-2D84-4D8D-9722-9118F072776C}.Debug|x64.ActiveCfg = Debug|x64
		{DEB0776F-2D84-4D8D-9722-9118F072776C}.Debug|x64.Build.0 = Debug|x64
		{DEB0776F-2D84-4D8D-9722-9118F072776C}.Debug|x86.ActiveCfg = Debug|Win32
		{DEB0776F-2D84-4D8D-9722-9118F072776C}.Debug|x86.Build.0 = Debug|Win32
		{DEB0776F-2D84-4D8D-9722-9118F072776C}.Release|x64.ActiveCfg = Release|x64
		{DEB0776F-2D84-4D8D-9722-9118F072776C}.Release|x64.Build.0 = Release|x64
		{DEB0776F-2D84-4D8D-9722-9118F072776C}.Release|x86.ActiveCfg = Release|Win32
		{DEB0776F-2D84-4D8D-9722-9118F072776C}.Release|x86.Build.0 = Release|Win32
		{3F248194-F085-433B-A844-6EF0D91F13D2}.Debug|x64.ActiveCfg = Debug|x64
		{3F248194-F085-433B-A844-6EF0D91F13D2}.Debug|x64.Build.0 = Debug|x64
		{3F248194-F085-433B-A844-6EF0D91F13D2}.Debug|x86.ActiveCfg = Debug|Win32
		{3F248194-F085-433B-A844-6EF0D91F13D2}.Debug|x86.Build.0 = Debug|Win32
		{3F248194-F085-433B-A844-6EF0D91F13D2}.Release|x64.ActiveCfg = Release|x64
		{3F248194-F085-433B-A844-6EF0D91F13D2}.Release|x64.Build.0 = Release|x64
		{3F248194-F085-433B-A844-6EF0D91F13D2}.Release|x86.ActiveCfg = Release|Win32
		{3F248194-F085-433B-A844-6EF0D91F13D2}.Release|x86.Build.0 = Release|Win32
		{1FF53164-7C73-4FEB-9598-3ADE72BB250B}.Debug|x64.ActiveCfg = Debug|x64
		{1FF53164-7C73-4FEB-9598-3ADE72BB250B}.Debug|x64.Build.0 = Debug|x64
		{1FF53164-7C73-4FEB-9598-3ADE72BB250B}.Debug|x86.ActiveCfg = Debug|Win32
		{1FF53164-7C73-4FEB-9598-3ADE72BB250B}.Debug|x86.Build.0 = Debug|Win32
		{1FF53164-7C73-4FEB-9598-3ADE72BB250B}.Release|x64.ActiveCfg = Release|x64
		{1FF53164-7C73-4FEB-9598-3ADE72BB250B}.Release|x64.Build.0 = Release|x64
		{1FF53164-7C73-4FEB-9598-3ADE72BB250B}.Release|x86.ActiveCfg = Release|Win32
		{1FF53164-7C73-4FEB-9598-3ADE72BB250B}.Release|x86.Build.0 = Release|Win32
		{E96BEFE7-8586-4980-8209-1DF36CBE3410}.Debug|x64.ActiveCfg = Debug|x64
		{E96BEFE7-8586-4980-8209-1DF36CBE3410}.Debug|x64.Build.0 = Debug|x64
		{E96BEFE7-8586-4980-8209-1DF36CBE3410}.Debug|x86.ActiveCfg = Debug|Win32
		{E96BEFE7-8586-4980-8209-1DF36CBE3410}.Debug|x86.Build.0 = Debug|Win32
		{E96BEFE7-8586-4980-8209-1DF36CBE3410}.Release|x64.ActiveCfg = Release|x64
		{E96BEFE7-8586-4980-8209-1DF36CBE3410}.Release|x64.Build.0 = Release|x64
		{E96BEFE7-8586-4980-8209-1DF36CBE3410}.Release|x86.ActiveCfg = Release|Win32
		{E96BEFE7-8586-4980-8209-1DF36CBE3410}.Release|x86.Build.0 = Release|Win32
		{5426ABFB-6F62-4A65-A2C1-7C15B4C59BF8}.Debug|x64.ActiveCfg = Debug|x64
		{5426ABFB-6F62-4A65-A2C1-7C15B4C59BF8}.Debug|x64.Build.0 = Debug|x64
		{5426ABFB-6F62-4A65-A2C1-7C15B4C59BF8}.Debug|x86.ActiveCfg = Debug|Win32
		{5426ABFB-6F62-4A65-A2C1-7C15B4C59BF8}.Debug|x86.Build.0 = Debug|Win32
		{5426ABFB-6F62-4A65-A2C1-7C15B4C59BF8}.Release|x64.ActiveCfg = Release|x64
		{5426ABFB-6F62-4A65-A2C1-7C15B4C59BF8}.Release|x64.Build.0 = Release|x64
		{5426ABFB-6F62-4A65-A2C1-7C15B4C59BF8}.Release|x86.ActiveCfg = Release|Win32
		{5426ABFB-6F62-4A65-A2C1-7C15B4C59BF8}.Release|x86.Build.0 = Release|Win32
		{677E598A-EB37-40C2-BF35-2B04288D5A61}.Debug|x64.ActiveCfg = Debug|x64
		{677E598A-EB37-40C2-BF35-2B04288D5A61}.Debug|x64.Build.0 = Debug|x64
		{677E598A-EB37-40C2-BF35-2B04288D5A61}.Debug|x86.ActiveCfg = Debug|Win32
		{677E598A-EB37-40C2-BF35-2B04288D5A61}.Debug|x86.Build.0 = Debug|Win32
		{677E598A-EB37-40C2-BF35-2B04288D5A61}.Release|x64.ActiveCfg = Release|x64
		{677E598A-EB37-40C2-BF35-2B04288D5A61}.Release|x64.Build.0 = Release|x64
		{677E598A-EB37-40C2-BF35-2B04288D5A61}.Release|x86.ActiveCfg = Release|Win32
		{677E598A-EB37-40C2-BF35-2B04288D5A61}.Release|x86.Build.0 = Release|Win32
		{AFB2E599-E242-43A8-90E0-FD2AE58B8C07}.Debug|x64.ActiveCfg = Debug|x64
		{AFB2E599-E242-43A8-90E0-FD2AE58B8C07}.Debug|x64.Build.0 = Debug|x64
		{AFB2E599-E242-43A8-90E0-FD2AE58B8C07}.Debug|x86.ActiveCfg = Debug|Win32
		{AFB2E599-E242-43A8-90E0-FD2AE58B8C07}.Debug|x86.Build.0 = Debug|Win32
		{AFB2E599-E242-43A8-90E0-FD2AE58B8C07}.Release|x64.ActiveCfg = Release|x64
		{AFB2E599-E242-43A8-90E0-FD2AE58B8C07}.Release|x64.Build.0 = Release|x64
		{AFB2E599-E242-43A8-90E0-FD2AE58B8C07}.Release|x86.ActiveCfg = Release|Win32
		{AFB2E599-E242-43A8-90E0-FD2AE58B8C07}.Release|x86.Build.0 = Release|Win32
		{F2940646-A355-4B86-90F9-9B9FC7800B96}.Debug|x64.ActiveCfg = Debug|x64
		{F2940646-A355-4B86-90F9-9B9FC7800B96}.Debug|x64.Build.0 = Debug|x64
		{F2940646-A355-4B86-90F9-9B9FC7800B96}.Debug|x86.ActiveCfg = Debug|Win32
		{F2940646-A355-4B86-90F9-9B9FC7800B96}.Debug|x86.Build.0 = Debug|Win32
		{F2940646-A355-4B86-90F9-9B9FC7800B96}.Release|x64.ActiveCfg = Release|x64
		{F2940646-A355-4B86-90F9-9B9FC7800B96}.Release|x64.Build.0 = Release|x64
		{F2940646-A355-4B86-90F9-9B9FC7800B96}.Release|x86.ActiveCfg = Release|Win32
		{F2940646-A355-4B86-90F9-9B9FC7800B96}.Release|x86.Build.0 = Release|Win32
		{A9A685D3-7850-477E-BAC7-55D5B272330E}.Debug|x64.ActiveCfg = Debug|x64
		{A9A685D3-7850-477E-BAC7-55D5B272330E}.Debug|x64.Build.0 = Debug|x64
		{A9A685D3-7850-477E-BAC7-55D5B272330E}.Debug|x86.ActiveCfg = Debug|Win32
		{A9A685D3-7850-477E-BAC7-55D5B272330E}.Debug|x86.Build.0 = Debug|Win32
		{A9A685D3-7850-477E-BAC7-55D5B272330E}.Release|x64.ActiveCfg = Release|x64
		{A9A685D3-7850-477E-BAC7-55D5B272330E}.Release|x64.Build.0 = Release|x64
		{A9A685D3-7850-477E-BAC7-55D5B272330E}.Release|x86.ActiveCfg = Release|Win32
		{A9A685D3-7850-477E-BAC7-55D5B272330E}.Release|x86.Build.0 = Release|Win32
		{1A75C946-41DD-4B11-988C-FB15A12E1802}.Debug|x64.ActiveCfg = Debug|x64
		{1A75C946-41DD-4B11-988C-FB15A12E1802}.Debug|x64.Build.0 = Debug|x64
		{1A75C946-41DD-4B11-988C-FB15A12E1802}.Debug|x86.ActiveCfg = Debug|Win32
		{1A75C946-41DD-4B11-988C-FB15A12E1802}.Debug|x86.Build.0 = Debug|Win32
		{1A75C946-41DD-4B11-988C-FB15A12E1802}.Release|x64.ActiveCfg = Release|x64
		{1A75C946-41DD-4B11-988C-FB15A12E1802}.Release|x64.Build.0 = Release|x64
		{1A75C946-41DD-4B11-988C-FB15A12E1802}.Release|x86.ActiveCfg = Release|Win32
		{1A75C946-41DD-4B11-988C-FB15A12E1802}.Release|x86.Build.0 = Release|Win32
		{571CF949-16AB-4527-9984-C2A882642AEB}.Debug|x64.ActiveCfg = Debug|x64
		{571CF949-16AB-4527-9984-C2A882642AEB}.Debug|x64.Build.0 = Debug|x64
		{571CF949-16AB-4527-9984-C2A882642AEB}.Debug|x86.ActiveCfg = Debug|Win32
		{571CF949-16AB-4527-9984-C2A882642AEB}.Debug|x86.Build.0 = Debug|Win32
		{571CF949-16AB-4527-9984-C2A882642AEB}.Release|x64.ActiveCfg = Release|x64
		{571CF949-16AB-4527-9984-C2A882642AEB}.Release|x64.Build.0 = Release|x64
		{571CF949-16AB-4527-9984-C2A882642AEB}.Release|x86.ActiveCfg = Release|Win32
		{571CF949-16AB-4527-9984-C2A882642AEB}.Release|x86.Build.0 = Release|Win32
		{63B28E96-A3ED-4747-95DE-B5D69196ACB4}.Debug|x64.ActiveCfg = Debug|x64
		{63B28E96-A3ED-4747-95DE-B5D69196ACB4}.Debug|x64.Build.0 = Debug|x64
		{63B28E96-A3ED-4747-95DE-B5D69196ACB4}.Debug|x86.ActiveCfg = Debug|Win32
		{63B28E96-A3ED-4747-95DE-B5D69196ACB4}.Debug|x86.Build.0 = Debug|Win32
		{63B28E96-A3ED-4747-95DE-B5D69196ACB4}.Release|x64.ActiveCfg = Release|x64
		{63B28E96-A3ED-4747-95DE-B5D69196ACB4}.Release|x64.Build.0 = Release|x64
		{63B28E96-A3ED-4747-95DE-B5D69196ACB4}.Release|x86.ActiveCfg = Release|Win32
		{63B28E96-A3ED-4747-95DE-B5D69196ACB4}.Release|x86.Build.0 = Release|Win32
		{F2912F82-B3AA-47B4-A839-B97AD46D3A7A}.Debug|x64.ActiveCfg = Debug|x64
		{F2912F82-B3AA-47B4-A839-B97AD46D3A7A}.Debug|x64.Build.0 = Debug|x64
		{F2912F82-B3AA-47B4-A839-B97AD46D3A7A}.Debug|x86.ActiveCfg = Debug|Win32
		{F2912F82-B3AA-47B4-A839-B97AD46D3A7A}.Debug|x86.Build.0 = Debug|Win32
		{F2912F82-B3AA-47B4-A839-B97AD46D3A7A}.Release|x64.ActiveCfg = Release|x64
		{F2912F82-B3AA-47B4-A839-B97AD46D3A7A}.Release|x64.Build.0 = Release|x64
		{F2912F82-B3AA-47B4-A839-B97AD46D3A7A}.Release|x86.ActiveCfg = Release|Win32
		{F2912F82-B3AA-47B4-A839-B97AD46D3A7A}.Release|x86.Build.0 = Release|Win32
		{93B1C4A8-835A-46EC-8F2A-3EDCE182A520}.Debug|x64.ActiveCfg = Debug|x64
		{93B1C4A8-835A-46EC-8F2A-3EDCE182A520}.Debug|x64.Build.0 = Debug|x64
		{93B1C4A8-835A-46EC-8F2A-3EDCE182A520}.Debug|x86.ActiveCfg = Debug|Win32
		{93B1C4A8-835A-46EC-8F2A-3EDCE182A520}.Debug|x86.Build.0 = Debug|Win32
		{93B1C4A8-835A-46EC-8F2A-3EDCE182A520}.Release|x64.ActiveCfg = Release|x64
		{93B1C4A8-835A-46EC-8F2A-3EDCE182A520}.Release|x64.Build.0 = Release|x64
		{93B1C4A8-835A-46EC-8F2A-3EDCE182A520}.Release|x86.ActiveCfg = Release|Win32
		{93B1C4A8-835A-46EC-8F2A-3EDCE182A520}.Release|x86.Build.0 = Release|Win32
		{31FE83E7-79E8-48E4-9E4B-26EF0DB52BA1}.Debug|x64.ActiveCfg = Debug|x64
		{31FE83E7-79E8-48E4-9E4B-26EF0DB52BA1}.Debug|x64.Build.0 = Debug|x64
		{31FE83E7-79E8-48E4-9E4B-26EF0DB52BA1}.Debug|x86.ActiveCfg = Debug|Win32
		{31FE83E7-79E8-48E4-9E4B-26EF0DB52BA1}.Debug|x86.Build.0 = Debug|Win32
		{31FE83E7-79E8-48E4-9E4B-26EF0DB52BA1}.Release|x64.ActiveCfg = Release|x64
		{31FE83E7-79E8-48E4-9E4B-26EF0DB52BA1}.Release|x64.Build.0 = Release|x64
		{31FE83E7-79E8-48E4-9E4B-26EF0DB52BA1}.Release|x86.ActiveCfg = Release|Win32
		{31FE83E7-79E8-48E4-9E4B-26EF0DB52BA1}.Release|x86.Build.0 = Release|Win32
		{1C06A5A6-127E-4091-9A52-CCF4EE705048}.Debug|x64.ActiveCfg = Debug|x64
		{1C06A5A6-127E-4091-9A52-CCF4EE705048}.Debug|x64.Build.0 = Debug|x64
		{1C06A5A6-127E-4091-9A52-CCF4EE705048}.Debug|x86.ActiveCfg = Debug|Win32
		{1C06A5A6-127E-4091-9A52-CCF4EE705048}.Debug|x86.Build.0 = Debug|Win32
		{1C06A5A6-127E-4091-9A52-CCF4EE705048}.Release|x64.ActiveCfg = Release|x64
		{1C06A5A6-127E-4091-9A52-CCF4EE705048}.Release|x64.Build.0 = Release|x64
		{1C06A5A6-127E-4091-9A52-CCF4EE705048}.Release|x86.ActiveCfg = Release|Win32
		{1C06A5A6-127E-4091-9A52-CCF4EE705048}.Release|x86.Build.0 = Release|Win32
		{03A8B38D-AE53-4F0D-85C3-7BD6BA54E88D}.Debug|x64.ActiveCfg = Debug|x64
		{03A8B38D-AE53-4F0D-85C3-7BD6BA54E88D}.Debug|x64.Build.0 = Debug|x64
		{03A8B38D-AE53-4F0D-85C3-7BD6BA54E88D}.Debug|x86.ActiveCfg = Debug|Win32
		{03A8B38D-AE53-4F0D-85C3-7BD6BA54E88D}.Debug|x86.Build.0 = Debug|Win32
		{03A8B38D-AE53-4F0D-85C3-7BD6BA54E88D}.Release|x64.ActiveCfg = Release|x64
		{03A8B38D-AE53-4F0D-85C3-7BD6BA54E88D}.Release|x64.Build.0 = Release|x64
		{03A8B38D-AE53-4F0D-85C3-7BD6BA54E88D}.Release|x86.ActiveCfg = Release|Win32
		{03A8B38D-AE53-4F0D-85C3-7BD6BA54E88D}.Release|x86.Build.0 = Release|Win32
		{B0097A98-392C-4CD7-AA92-D03FB216A8B0}.Debug|x64.ActiveCfg = Debug|x64
		{B0097A98-392C-4CD7-AA92-D03FB216A8B0}.Debug|x64.Build.0 = Debug|x64
		{B0097A98-392C-4CD7-AA92-D03FB216A8B0}.Debug|x86.ActiveCfg = Debug|Win32
		{B0097A98-392C-4CD7-AA92-D03FB216A8B0}.Debug|x86.Build.0 = Debug|Win32
		{B0097A98-392C-4CD7-AA92-D03FB216A8B0}.Release|x64.ActiveCfg = Release|x64
		{B0097A98-392C-4CD7-AA92-D03FB216A8B0}.Release|x64.Build.0 = Release|x64
		{B0097A98-392C-4CD7-AA92-D03FB216A8B0}.Release|x86.ActiveCfg = Release|Win32
		{B0097A98-392C-4CD7-AA92-D03FB216A8B0}.Release|x86.Build.0 = Release|Win32
		{59B1BFA3-A57C-47CB-8533-F62BC2AAE25C}.Debug|x64.ActiveCfg = Debug|x64
		{59B1BFA3-A57C-47CB-8533-F62BC2AAE25C}.Debug|x64.Build.0 = Debug|x64
		{59B1BFA3-A57C-47CB-8533-F62BC2AAE25C}.Debug|x86.ActiveCfg = Debug|Win32
		{59B1BFA3-A57C-47CB-8533-F62BC2AAE25C}.Debug|x86.Build.0 = Debug|Win32
		{59B1BFA3-A57C-47CB-8533-F62BC2AAE25C}.Release|x64.ActiveCfg = Release|x64
		{59B1BFA3-A57C-47CB-8533-F62BC2AAE25C}.Release|x64.Build.0 = Release|x64
		{59B1BFA3-A57C-47CB-8533-F62BC2AAE25C}.Release|x86.ActiveCfg = Release|Win32
		{59B1BFA3-A57C-47CB-8533-F62BC2AAE25C}.Release|x86.Build.0 = Release|Win32
		{041024C6-7B53-47A8-A49D-CFA2384CA527}.Debug|x64.ActiveCfg = Debug|x64
		{041024C6-7B53-47A8-A49D-CFA2384CA527}.Debug|x64.Build.0 = Debug|x64
		{041024C6-7B53-47A8-A49D-CFA2384CA527}.Debug|x86.ActiveCfg = Debug|Win32
		{041024C6-7B53-47A8-A49D-CFA2384CA527}.Debug|x86.Build.0 = Debug|Win32
		{041024C6-7B53-47A8-A49D-CFA2384CA527}.Release|x64.ActiveCfg = Release|x64
		{041024C6-7B53-47A8-A49D-CFA2384CA527}.Release|x64.Build.0 = Release|x64
		{041024C6-7B53-47A8-A49D-CFA2384CA527}.Release|x86.ActiveCfg = Release|Win32
		{041024C6-7B53-47A8-A49D-CFA2384CA527}.Release|x86.Build.0 = Release|Win32
		{2D31CCEF-38F2-4487-B50C-2AD2479F388A}.Debug|x64.ActiveCfg = Debug|x64
		{2D31CCEF-38F2-4487-B50C-2AD2479F388A}.Debug|x64.Build.0 = Debug|x64
		{2D31CCEF-38F2-4487-B50C-2AD2479F388A}.Debug|x86.ActiveCfg = Debug|Win32
		{2D31CCEF-38F2-4487-B50C-2AD2479F388A}.Debug|x86.Build.0 = Debug|Win32
		{2D31CCEF-38F2-4487-B50C-2AD2479F388A}.Release|x64.ActiveCfg = Release|x64
		{2D31CCEF-38F2-4487-B50C-2AD2479F388A}.Release|x64.Build.0 = Release|x64
		{2D31CCEF-38F2-4487-B50C-2AD2479F388A}.Release|x86.ActiveCfg = Release|Win32
		{2D31CCEF-38F2-4487-B50C-2AD2479F388A}.Release|x86.Build.0 = Release|Win32
		{E52996F6-C8CA-4376-89AF-900A3E149CC3}.Debug|x64.ActiveCfg = Debug|x64
		{E52996F6-C8CA-4376-89AF-900A3E149CC3}.Debug|x64.Build.0 = Debug|x64
		{E52996F6-C8CA-4376-89AF-900A3E149CC3}.Debug|x86.ActiveCfg = Debug|Win32
		{E52996F6-C8CA-4376-89AF-900A3E149CC3}.Debug|x86.Build.0 = Debug|Win32
		{E52996F6-C8CA-4376-89AF-900A3E149CC3}.Release|x64.ActiveCfg = Release|x64
		{E52996F6-C8CA-4376-89AF-900A3E149CC3}.Release|x64.Build.0 = Release|x64
		{E52996F6-C8CA-4376-89AF-900A3E149CC3}.Release|x86.ActiveCfg = Release|Win32
		{E52996F6-C8CA-4376-89AF-900A3E149CC3}.Release|x86.Build.0 = Release|Win32
		{FA7125FA-003F-451B-9344-56E48079A689}.Debug|x64.ActiveCfg = Debug|x64
		{FA7125FA-003F-451B-9344-56E48079A689}.Debug|x64.Build.0 = Debug|x64
		{FA7125FA-003F-451B-9344-56E48079A689}.Debug|x86.ActiveCfg = Debug|Win32
		{FA7125FA-003F-451B-9344-56E48079A689}.Debug|x86.Build.0 = Debug|Win32
		{FA7125FA-003F-451B-9344-56E48079A689}.Release|x64.ActiveCfg = Release|x64
		{FA7125FA-003F-451B-9344-56E48079A689}.Release|x64.Build.0 = Release|x64
		{FA7125FA-003F-451B-9344-56E48079A689}.Release|x86.ActiveCfg = Release|Win32
		{FA7125FA-003F-451B-9344-56E48079A689}.Release|x86.Build.0 = Release|Win32
		{D7564511-FB76-425F-A925-2E8BD86D0873}.Debug|x64.ActiveCfg = Debug|x64
		{D7564511-FB76-425F-A925-2E8BD86D0873}.Debug|x64.Build.0 = Debug|x64
		{D7564511-FB76-425F-A925-2E8BD86D0873}.Debug|x86.ActiveCfg = Debug|Win32
		{D7564511-FB76-425F-A925-2E8BD86D0873}.Debug|x86.Build.0 = Debug|Win32
		{D7564511-FB76-425F-A925-2E8BD86D0873}.Release|x64.ActiveCfg = Release|x64
		{D7564511-FB76-425F-A925-2E8BD86D0873}.Release|x64.Build.0 = Release|x64
		{D7564511-FB76-425F-A925-2E8BD86D0873}.Release|x86.ActiveCfg = Release|Win32
		{D7564511-FB76-425F-A925-2E8BD86D0873}.Release|x86.Build.0 = Release|Win32
		{F12D2D1D-2929-46D5-B592-9FBCFC8D3917}.Debug|x64.ActiveCfg = Debug|x64
		{F12D2D1D-2929-46D5-B592-9FBCFC8D3917}.Debug|x64.Build.0 = Debug|x64
		{F12D2D1D-2929-46D5-B592-9FBCFC8D3917}.Debug|x86.ActiveCfg = Debug|Win32
		{F12D2D1D-2929-46D5-B592-9FBCFC8D3917}.Debug|x86.Build.0 = Debug|Win32
		{F12D2D1D-2929-46D5-B592-9FBCFC8D3917}.Release|x64.ActiveCfg = Release|x64
		{F12D2D1D-2929-46D5-B592-9FBCFC8D3917}.Release|x64.Build.0 = Release|x64
		{F12D2D1D-2929-46D5-B592-9FBCFC8D3917}.Release|x86.ActiveCfg = Release|Win32
		{F12D2D1D-2929-46D5-B592-9FBCFC8D3917}.Release|x86.Build.0 = Release|Win32
	EndGlobalSection
	GlobalSection(SolutionProperties) = preSolution
		HideSolutionNode = FALSE
	EndGlobalSection
	GlobalSection(ExtensibilityGlobals) = postSolution
		SolutionGuid = {DBF70001-934B-4413-BD9C-1FD69D02A885}
	EndGlobalSection
EndGlobal
